{
    "_readme": [
        "This file locks the dependencies of your project to a known state",
        "Read more about it at https://getcomposer.org/doc/01-basic-usage.md#composer-lock-the-lock-file",
        "This file is @generated automatically"
    ],
    "hash": "a90fb76770fb45da3cb9a910a1f0de40",
    "content-hash": "603cff86e2588ba81fb4becd2bc88813",
    "packages": [
        {
            "name": "symfony/yaml",
            "version": "v2.7.3",
            "source": {
                "type": "git",
                "url": "https://github.com/symfony/Yaml.git",
                "reference": "71340e996171474a53f3d29111d046be4ad8a0ff"
            },
            "dist": {
                "type": "zip",
                "url": "https://api.github.com/repos/symfony/Yaml/zipball/71340e996171474a53f3d29111d046be4ad8a0ff",
                "reference": "71340e996171474a53f3d29111d046be4ad8a0ff",
                "shasum": ""
            },
            "require": {
                "php": ">=5.3.9"
            },
            "require-dev": {
                "symfony/phpunit-bridge": "~2.7"
            },
            "type": "library",
            "extra": {
                "branch-alias": {
                    "dev-master": "2.7-dev"
                }
            },
            "autoload": {
                "psr-4": {
                    "Symfony\\Component\\Yaml\\": ""
                }
            },
            "notification-url": "https://packagist.org/downloads/",
            "license": [
                "MIT"
            ],
            "authors": [
                {
                    "name": "Fabien Potencier",
                    "email": "fabien@symfony.com"
                },
                {
                    "name": "Symfony Community",
                    "homepage": "https://symfony.com/contributors"
                }
            ],
            "description": "Symfony Yaml Component",
            "homepage": "https://symfony.com",
            "time": "2015-07-28 14:07:07"
        },
        {
            "name": "webreactor/cli-arguments",
            "version": "dev-master",
            "source": {
                "type": "git",
                "url": "https://github.com/webreactor/cli-arguments.git",
                "reference": "bab7e136ef88f982f6882c4cf12e40b72df38595"
            },
            "dist": {
                "type": "zip",
                "url": "https://api.github.com/repos/webreactor/cli-arguments/zipball/bab7e136ef88f982f6882c4cf12e40b72df38595",
                "reference": "bab7e136ef88f982f6882c4cf12e40b72df38595",
                "shasum": ""
            },
            "type": "library",
            "autoload": {
                "psr-4": {
                    "Reactor\\CliArguments\\": "src/"
                }
            },
            "license": [
                "MIT"
            ],
            "support": {
                "source": "https://github.com/webreactor/cli-arguments/tree/master",
                "issues": "https://github.com/webreactor/cli-arguments/issues"
            },
            "time": "2016-06-24 03:10:53"
        }
    ],
    "packages-dev": [],
    "aliases": [],
    "minimum-stability": "stable",
    "stability-flags": {
        "webreactor/cli-arguments": 20
    },
    "prefer-stable": false,
    "prefer-lowest": false,
    "platform": [],
    "platform-dev": []
}
